
Microsoft Visual Studio Solution File, Format Version 12.00
# Visual Studio 15
VisualStudioVersion = 15.0.28307.1340
MinimumVisualStudioVersion = 10.0.40219.1
Project("{FAE04EC0-301F-11D3-BF4B-00C04F79EFBC}") = "Game", "Game\Game.csproj", "{BAC6EC30-D696-45E7-8FD4-40F2F4D7AD91}"
EndProject
Global
	GlobalSection(SolutionConfigurationPlatforms) = preSolution
		Debug|Any CPU = Debug|Any CPU
		Release|Any CPU = Release|Any CPU
	EndGlobalSection
	GlobalSection(ProjectConfigurationPlatforms) = postSolution
		{BAC6EC30-D696-45E7-8FD4-40F2F4D7AD91}.Debug|Any CPU.ActiveCfg = Debug|Any CPU
		{BAC6EC30-D696-45E7-8FD4-40F2F4D7AD91}.Debug|Any CPU.Build.0 = Debug|Any CPU
		{BAC6EC30-D696-45E7-8FD4-40F2F4D7AD91}.Release|Any CPU.ActiveCfg = Release|Any CPU
		{BAC6EC30-D696-45E7-8FD4-40F2F4D7AD91}.Release|Any CPU.Build.0 = Release|Any CPU
	EndGlobalSection
	GlobalSection(SolutionProperties) = preSolution
		HideSolutionNode = FALSE
	EndGlobalSection
	GlobalSection(ExtensibilityGlobals) = postSolution
		SolutionGuid = {B7AB2639-EBC5-42E5-A1AA-0C0453F3F866}
	EndGlobalSection
EndGlobal
